
Microsoft Visual Studio Solution File, Format Version 12.00
# Visual Studio Version 16
VisualStudioVersion = 16.0.31424.327
MinimumVisualStudioVersion = 10.0.40219.1
Project("{FAE04EC0-301F-11D3-BF4B-00C04F79EFBC}") = "Todo2", "Todo2\Todo2.csproj", "{54EA354A-686C-4D5E-BB2B-161C3B8C7579}"
EndProject
Global
	GlobalSection(SolutionConfigurationPlatforms) = preSolution
		Debug|Any CPU = Debug|Any CPU
		Release|Any CPU = Release|Any CPU
	EndGlobalSection
	GlobalSection(ProjectConfigurationPlatforms) = postSolution
		{54EA354A-686C-4D5E-BB2B-161C3B8C7579}.Debug|Any CPU.ActiveCfg = Debug|Any CPU
		{54EA354A-686C-4D5E-BB2B-161C3B8C7579}.Debug|Any CPU.Build.0 = Debug|Any CPU
		{54EA354A-686C-4D5E-BB2B-161C3B8C7579}.Release|Any CPU.ActiveCfg = Release|Any CPU
		{54EA354A-686C-4D5E-BB2B-161C3B8C7579}.Release|Any CPU.Build.0 = Release|Any CPU
	EndGlobalSection
	GlobalSection(SolutionProperties) = preSolution
		HideSolutionNode = FALSE
	EndGlobalSection
	GlobalSection(ExtensibilityGlobals) = postSolution
		SolutionGuid = {16343529-0D08-4058-B1CB-E8EAD3F4D91E}
	EndGlobalSection
EndGlobal
